
Microsoft Visual Studio Solution File, Format Version 12.00
# Visual Studio Version 17
VisualStudioVersion = 17.6.33815.320
MinimumVisualStudioVersion = 10.0.40219.1
Project("{FAE04EC0-301F-11D3-BF4B-00C04F79EFBC}") = "Assesment_SQLQuery6", "Assesment_SQLQuery6\Assesment_SQLQuery6.csproj", "{D0AD3302-78C0-43CD-A82D-37DA2218ACA5}"
EndProject
Global
	GlobalSection(SolutionConfigurationPlatforms) = preSolution
		Debug|Any CPU = Debug|Any CPU
		Release|Any CPU = Release|Any CPU
	EndGlobalSection
	GlobalSection(ProjectConfigurationPlatforms) = postSolution
		{D0AD3302-78C0-43CD-A82D-37DA2218ACA5}.Debug|Any CPU.ActiveCfg = Debug|Any CPU
		{D0AD3302-78C0-43CD-A82D-37DA2218ACA5}.Debug|Any CPU.Build.0 = Debug|Any CPU
		{D0AD3302-78C0-43CD-A82D-37DA2218ACA5}.Release|Any CPU.ActiveCfg = Release|Any CPU
		{D0AD3302-78C0-43CD-A82D-37DA2218ACA5}.Release|Any CPU.Build.0 = Release|Any CPU
	EndGlobalSection
	GlobalSection(SolutionProperties) = preSolution
		HideSolutionNode = FALSE
	EndGlobalSection
	GlobalSection(ExtensibilityGlobals) = postSolution
		SolutionGuid = {1726C4E8-CD25-4B2D-9AAF-8699FF30257D}
	EndGlobalSection
EndGlobal
